// !$*UTF8*$!
{
	archiveVersion = 1;
	classes = {
	};
	objectVersion = 56;
	objects = {

/* Begin PBXBuildFile section */
		09FF9FD929F425B2006DDC8C /* IonApp.swift in Sources */ = {isa = PBXBuildFile; fileRef = 09FF9FD829F425B2006DDC8C /* IonApp.swift */; };
		09FF9FDB29F425B2006DDC8C /* ContentView.swift in Sources */ = {isa = PBXBuildFile; fileRef = 09FF9FDA29F425B2006DDC8C /* ContentView.swift */; };
		09FF9FDD29F425B4006DDC8C /* Assets.xcassets in Resources */ = {isa = PBXBuildFile; fileRef = 09FF9FDC29F425B4006DDC8C /* Assets.xcassets */; };
		09FF9FE029F425B4006DDC8C /* Preview Assets.xcassets in Resources */ = {isa = PBXBuildFile; fileRef = 09FF9FDF29F425B4006DDC8C /* Preview Assets.xcassets */; };
		09FF9FEA29F4288B006DDC8C /* WebView.swift in Sources */ = {isa = PBXBuildFile; fileRef = 09FF9FE929F4288B006DDC8C /* WebView.swift */; };
		09FF9FEC29F428FE006DDC8C /* WebViewModel.swift in Sources */ = {isa = PBXBuildFile; fileRef = 09FF9FEB29F428FE006DDC8C /* WebViewModel.swift */; };
		09FF9FEE29F42951006DDC8C /* WebViewNavigationDelegate.swift in Sources */ = {isa = PBXBuildFile; fileRef = 09FF9FED29F42951006DDC8C /* WebViewNavigationDelegate.swift */; };
/* End PBXBuildFile section */

/* Begin PBXFileReference section */
		09FF9FD529F425B2006DDC8C /* Ion.app */ = {isa = PBXFileReference; explicitFileType = wrapper.application; includeInIndex = 0; path = Ion.app; sourceTree = BUILT_PRODUCTS_DIR; };
		09FF9FD829F425B2006DDC8C /* IonApp.swift */ = {isa = PBXFileReference; lastKnownFileType = sourcecode.swift; path = IonApp.swift; sourceTree = "<group>"; };
		09FF9FDA29F425B2006DDC8C /* ContentView.swift */ = {isa = PBXFileReference; lastKnownFileType = sourcecode.swift; path = ContentView.swift; sourceTree = "<group>"; };
		09FF9FDC29F425B4006DDC8C /* Assets.xcassets */ = {isa = PBXFileReference; lastKnownFileType = folder.assetcatalog; path = Assets.xcassets; sourceTree = "<group>"; };
		09FF9FDF29F425B4006DDC8C /* Preview Assets.xcassets */ = {isa = PBXFileReference; lastKnownFileType = folder.assetcatalog; path = "Preview Assets.xcassets"; sourceTree = "<group>"; };
		09FF9FE129F425B4006DDC8C /* Ion.entitlements */ = {isa = PBXFileReference; lastKnownFileType = text.plist.entitlements; path = Ion.entitlements; sourceTree = "<group>"; };
		09FF9FE929F4288B006DDC8C /* WebView.swift */ = {isa = PBXFileReference; lastKnownFileType = sourcecode.swift; path = WebView.swift; sourceTree = "<group>"; };
		09FF9FEB29F428FE006DDC8C /* WebViewModel.swift */ = {isa = PBXFileReference; lastKnownFileType = sourcecode.swift; path = WebViewModel.swift; sourceTree = "<group>"; };
		09FF9FED29F42951006DDC8C /* WebViewNavigationDelegate.swift */ = {isa = PBXFileReference; lastKnownFileType = sourcecode.swift; path = WebViewNavigationDelegate.swift; sourceTree = "<group>"; };
/* End PBXFileReference section */

/* Begin PBXFrameworksBuildPhase section */
		09FF9FD229F425B2006DDC8C /* Frameworks */ = {
			isa = PBXFrameworksBuildPhase;
			buildActionMask = 2147483647;
			files = (
			);
			runOnlyForDeploymentPostprocessing = 0;
		};
/* End PBXFrameworksBuildPhase section */

/* Begin PBXGroup section */
		09FF9FCC29F425B2006DDC8C = {
			isa = PBXGroup;
			children = (
				09FF9FD729F425B2006DDC8C /* Ion */,
				09FF9FD629F425B2006DDC8C /* Products */,
			);
			sourceTree = "<group>";
		};
		09FF9FD629F425B2006DDC8C /* Products */ = {
			isa = PBXGroup;
			children = (
				09FF9FD529F425B2006DDC8C /* Ion.app */,
			);
			name = Products;
			sourceTree = "<group>";
		};
		09FF9FD729F425B2006DDC8C /* Ion */ = {
			isa = PBXGroup;
			children = (
				09FF9FE929F4288B006DDC8C /* WebView.swift */,
				09FF9FDA29F425B2006DDC8C /* ContentView.swift */,
				09FF9FEB29F428FE006DDC8C /* WebViewModel.swift */,
				09FF9FD829F425B2006DDC8C /* IonApp.swift */,
				09FF9FED29F42951006DDC8C /* WebViewNavigationDelegate.swift */,
				09FF9FDC29F425B4006DDC8C /* Assets.xcassets */,
				09FF9FE129F425B4006DDC8C /* Ion.entitlements */,
				09FF9FDE29F425B4006DDC8C /* Preview Content */,
			);
			path = Ion;
			sourceTree = "<group>";
		};
		09FF9FDE29F425B4006DDC8C /* Preview Content */ = {
			isa = PBXGroup;
			children = (
				09FF9FDF29F425B4006DDC8C /* Preview Assets.xcassets */,
			);
			path = "Preview Content";
			sourceTree = "<group>";
		};
/* End PBXGroup section */

/* Begin PBXNativeTarget section */
		09FF9FD429F425B2006DDC8C /* Ion */ = {
			isa = PBXNativeTarget;
			buildConfigurationList = 09FF9FE429F425B4006DDC8C /* Build configuration list for PBXNativeTarget "Ion" */;
			buildPhases = (
				09FF9FD129F425B2006DDC8C /* Sources */,
				09FF9FD229F425B2006DDC8C /* Frameworks */,
				09FF9FD329F425B2006DDC8C /* Resources */,
			);
			buildRules = (
			);
			dependencies = (
			);
			name = Ion;
			productName = Ion;
			productReference = 09FF9FD529F425B2006DDC8C /* Ion.app */;
			productType = "com.apple.product-type.application";
		};
/* End PBXNativeTarget section */

/* Begin PBXProject section */
		09FF9FCD29F425B2006DDC8C /* Project object */ = {
			isa = PBXProject;
			attributes = {
				BuildIndependentTargetsInParallel = 1;
				LastSwiftUpdateCheck = 1420;
				LastUpgradeCheck = 1420;
				TargetAttributes = {
					09FF9FD429F425B2006DDC8C = {
						CreatedOnToolsVersion = 14.2;
					};
				};
			};
			buildConfigurationList = 09FF9FD029F425B2006DDC8C /* Build configuration list for PBXProject "Ion" */;
			compatibilityVersion = "Xcode 14.0";
			developmentRegion = en;
			hasScannedForEncodings = 0;
			knownRegions = (
				en,
				Base,
			);
			mainGroup = 09FF9FCC29F425B2006DDC8C;
			productRefGroup = 09FF9FD629F425B2006DDC8C /* Products */;
			projectDirPath = "";
			projectRoot = "";
			targets = (
				09FF9FD429F425B2006DDC8C /* Ion */,
			);
		};
/* End PBXProject section */

/* Begin PBXResourcesBuildPhase section */
		09FF9FD329F425B2006DDC8C /* Resources */ = {
			isa = PBXResourcesBuildPhase;
			buildActionMask = 2147483647;
			files = (
				09FF9FE029F425B4006DDC8C /* Preview Assets.xcassets in Resources */,
				09FF9FDD29F425B4006DDC8C /* Assets.xcassets in Resources */,
			);
			runOnlyForDeploymentPostprocessing = 0;
		};
/* End PBXResourcesBuildPhase section */

/* Begin PBXSourcesBuildPhase section */
		09FF9FD129F425B2006DDC8C /* Sources */ = {
			isa = PBXSourcesBuildPhase;
			buildActionMask = 2147483647;
			files = (
				09FF9FEA29F4288B006DDC8C /* WebView.swift in Sources */,
				09FF9FDB29F425B2006DDC8C /* ContentView.swift in Sources */,
				09FF9FEC29F428FE006DDC8C /* WebViewModel.swift in Sources */,
				09FF9FD929F425B2006DDC8C /* IonApp.swift in Sources */,
				09FF9FEE29F42951006DDC8C /* WebViewNavigationDelegate.swift in Sources */,
			);
			runOnlyForDeploymentPostprocessing = 0;
		};
/* End PBXSourcesBuildPhase section */

/* Begin XCBuildConfiguration section */
		09FF9FE229F425B4006DDC8C /* Debug */ = {
			isa = XCBuildConfiguration;
			buildSettings = {
				ALWAYS_SEARCH_USER_PATHS = NO;
				CLANG_ANALYZER_NONNULL = YES;
				CLANG_ANALYZER_NUMBER_OBJECT_CONVERSION = YES_AGGRESSIVE;
				CLANG_CXX_LANGUAGE_STANDARD = "gnu++20";
				CLANG_ENABLE_MODULES = YES;
				CLANG_ENABLE_OBJC_ARC = YES;
				CLANG_ENABLE_OBJC_WEAK = YES;
				CLANG_WARN_BLOCK_CAPTURE_AUTORELEASING = YES;
				CLANG_WARN_BOOL_CONVERSION = YES;
				CLANG_WARN_COMMA = YES;
				CLANG_WARN_CONSTANT_CONVERSION = YES;
				CLANG_WARN_DEPRECATED_OBJC_IMPLEMENTATIONS = YES;
				CLANG_WARN_DIRECT_OBJC_ISA_USAGE = YES_ERROR;
				CLANG_WARN_DOCUMENTATION_COMMENTS = YES;
				CLANG_WARN_EMPTY_BODY = YES;
				CLANG_WARN_ENUM_CONVERSION = YES;
				CLANG_WARN_INFINITE_RECURSION = YES;
				CLANG_WARN_INT_CONVERSION = YES;
				CLANG_WARN_NON_LITERAL_NULL_CONVERSION = YES;
				CLANG_WARN_OBJC_IMPLICIT_RETAIN_SELF = YES;
				CLANG_WARN_OBJC_LITERAL_CONVERSION = YES;
				CLANG_WARN_OBJC_ROOT_CLASS = YES_ERROR;
				CLANG_WARN_QUOTED_INCLUDE_IN_FRAMEWORK_HEADER = YES;
				CLANG_WARN_RANGE_LOOP_ANALYSIS = YES;
				CLANG_WARN_STRICT_PROTOTYPES = YES;
				CLANG_WARN_SUSPICIOUS_MOVE = YES;
				CLANG_WARN_UNGUARDED_AVAILABILITY = YES_AGGRESSIVE;
				CLANG_WARN_UNREACHABLE_CODE = YES;
				CLANG_WARN__DUPLICATE_METHOD_MATCH = YES;
				COPY_PHASE_STRIP = NO;
				DEBUG_INFORMATION_FORMAT = dwarf;
				ENABLE_STRICT_OBJC_MSGSEND = YES;
				ENABLE_TESTABILITY = YES;
				GCC_C_LANGUAGE_STANDARD = gnu11;
				GCC_DYNAMIC_NO_PIC = NO;
				GCC_NO_COMMON_BLOCKS = YES;
				GCC_OPTIMIZATION_LEVEL = 0;
				GCC_PREPROCESSOR_DEFINITIONS = (
					"DEBUG=1",
					"$(inherited)",
				);
				GCC_WARN_64_TO_32_BIT_CONVERSION = YES;
				GCC_WARN_ABOUT_RETURN_TYPE = YES_ERROR;
				GCC_WARN_UNDECLARED_SELECTOR = YES;
				GCC_WARN_UNINITIALIZED_AUTOS = YES_AGGRESSIVE;
				GCC_WARN_UNUSED_FUNCTION = YES;
				GCC_WARN_UNUSED_VARIABLE = YES;
				MACOSX_DEPLOYMENT_TARGET = 12.6;
				MTL_ENABLE_DEBUG_INFO = INCLUDE_SOURCE;
				MTL_FAST_MATH = YES;
				ONLY_ACTIVE_ARCH = YES;
				SDKROOT = macosx;
				SWIFT_ACTIVE_COMPILATION_CONDITIONS = DEBUG;
				SWIFT_OPTIMIZATION_LEVEL = "-Onone";
			};
			name = Debug;
		};
		09FF9FE329F425B4006DDC8C /* Release */ = {
			isa = XCBuildConfiguration;
			buildSettings = {
				ALWAYS_SEARCH_USER_PATHS = NO;
				CLANG_ANALYZER_NONNULL = YES;
				CLANG_ANALYZER_NUMBER_OBJECT_CONVERSION = YES_AGGRESSIVE;
				CLANG_CXX_LANGUAGE_STANDARD = "gnu++20";
				CLANG_ENABLE_MODULES = YES;
				CLANG_ENABLE_OBJC_ARC = YES;
				CLANG_ENABLE_OBJC_WEAK = YES;
				CLANG_WARN_BLOCK_CAPTURE_AUTORELEASING = YES;
				CLANG_WARN_BOOL_CONVERSION = YES;
				CLANG_WARN_COMMA = YES;
				CLANG_WARN_CONSTANT_CONVERSION = YES;
				CLANG_WARN_DEPRECATED_OBJC_IMPLEMENTATIONS = YES;
				CLANG_WARN_DIRECT_OBJC_ISA_USAGE = YES_ERROR;
				CLANG_WARN_DOCUMENTATION_COMMENTS = YES;
				CLANG_WARN_EMPTY_BODY = YES;
				CLANG_WARN_ENUM_CONVERSION = YES;
				CLANG_WARN_INFINITE_RECURSION = YES;
				CLANG_WARN_INT_CONVERSION = YES;
				CLANG_WARN_NON_LITERAL_NULL_CONVERSION = YES;
				CLANG_WARN_OBJC_IMPLICIT_RETAIN_SELF = YES;
				CLANG_WARN_OBJC_LITERAL_CONVERSION = YES;
				CLANG_WARN_OBJC_ROOT_CLASS = YES_ERROR;
				CLANG_WARN_QUOTED_INCLUDE_IN_FRAMEWORK_HEADER = YES;
				CLANG_WARN_RANGE_LOOP_ANALYSIS = YES;
				CLANG_WARN_STRICT_PROTOTYPES = YES;
				CLANG_WARN_SUSPICIOUS_MOVE = YES;
				CLANG_WARN_UNGUARDED_AVAILABILITY = YES_AGGRESSIVE;
				CLANG_WARN_UNREACHABLE_CODE = YES;
				CLANG_WARN__DUPLICATE_METHOD_MATCH = YES;
				COPY_PHASE_STRIP = NO;
				DEBUG_INFORMATION_FORMAT = "dwarf-with-dsym";
				ENABLE_NS_ASSERTIONS = NO;
				ENABLE_STRICT_OBJC_MSGSEND = YES;
				GCC_C_LANGUAGE_STANDARD = gnu11;
				GCC_NO_COMMON_BLOCKS = YES;
				GCC_WARN_64_TO_32_BIT_CONVERSION = YES;
				GCC_WARN_ABOUT_RETURN_TYPE = YES_ERROR;
				GCC_WARN_UNDECLARED_SELECTOR = YES;
				GCC_WARN_UNINITIALIZED_AUTOS = YES_AGGRESSIVE;
				GCC_WARN_UNUSED_FUNCTION = YES;
				GCC_WARN_UNUSED_VARIABLE = YES;
				MACOSX_DEPLOYMENT_TARGET = 12.6;
				MTL_ENABLE_DEBUG_INFO = NO;
				MTL_FAST_MATH = YES;
				SDKROOT = macosx;
				SWIFT_COMPILATION_MODE = wholemodule;
				SWIFT_OPTIMIZATION_LEVEL = "-O";
			};
			name = Release;
		};
		09FF9FE529F425B4006DDC8C /* Debug */ = {
			isa = XCBuildConfiguration;
			buildSettings = {
				ASSETCATALOG_COMPILER_APPICON_NAME = AppIcon;
				ASSETCATALOG_COMPILER_GLOBAL_ACCENT_COLOR_NAME = AccentColor;
				CODE_SIGN_ENTITLEMENTS = Ion/Ion.entitlements;
				CODE_SIGN_STYLE = Automatic;
				COMBINE_HIDPI_IMAGES = YES;
				CURRENT_PROJECT_VERSION = 1;
				DEVELOPMENT_ASSET_PATHS = "\"Ion/Preview Content\"";
				DEVELOPMENT_TEAM = 5W23635VYR;
				ENABLE_HARDENED_RUNTIME = YES;
				ENABLE_PREVIEWS = YES;
				GENERATE_INFOPLIST_FILE = YES;
				INFOPLIST_KEY_NSHumanReadableCopyright = "";
				IPHONEOS_DEPLOYMENT_TARGET = 14.2;
				LD_RUNPATH_SEARCH_PATHS = (
					"$(inherited)",
					"@executable_path/../Frameworks",
				);
				MARKETING_VERSION = 1.0;
				PRODUCT_BUNDLE_IDENTIFIER = Atom.Ion;
				PRODUCT_NAME = "$(TARGET_NAME)";
				SUPPORTED_PLATFORMS = "iphoneos iphonesimulator macosx";
				SUPPORTS_MACCATALYST = NO;
				SUPPORTS_MAC_DESIGNED_FOR_IPHONE_IPAD = NO;
				SWIFT_EMIT_LOC_STRINGS = YES;
				SWIFT_VERSION = 5.0;
				TARGETED_DEVICE_FAMILY = 1;
			};
			name = Debug;
		};
		09FF9FE629F425B4006DDC8C /* Release */ = {
			isa = XCBuildConfiguration;
			buildSettings = {
				ASSETCATALOG_COMPILER_APPICON_NAME = AppIcon;
				ASSETCATALOG_COMPILER_GLOBAL_ACCENT_COLOR_NAME = AccentColor;
				CODE_SIGN_ENTITLEMENTS = Ion/Ion.entitlements;
				CODE_SIGN_STYLE = Automatic;
				COMBINE_HIDPI_IMAGES = YES;
				CURRENT_PROJECT_VERSION = 1;
				DEVELOPMENT_ASSET_PATHS = "\"Ion/Preview Content\"";
				DEVELOPMENT_TEAM = 5W23635VYR;
				ENABLE_HARDENED_RUNTIME = YES;
				ENABLE_PREVIEWS = YES;
				GENERATE_INFOPLIST_FILE = YES;
				INFOPLIST_KEY_NSHumanReadableCopyright = "";
				IPHONEOS_DEPLOYMENT_TARGET = 14.2;
				LD_RUNPATH_SEARCH_PATHS = (
					"$(inherited)",
					"@executable_path/../Frameworks",
				);
				MARKETING_VERSION = 1.0;
				PRODUCT_BUNDLE_IDENTIFIER = Atom.Ion;
				PRODUCT_NAME = "$(TARGET_NAME)";
				SUPPORTED_PLATFORMS = "iphoneos iphonesimulator macosx";
				SUPPORTS_MACCATALYST = NO;
				SUPPORTS_MAC_DESIGNED_FOR_IPHONE_IPAD = NO;
				SWIFT_EMIT_LOC_STRINGS = YES;
				SWIFT_VERSION = 5.0;
				TARGETED_DEVICE_FAMILY = 1;
			};
			name = Release;
		};
/* End XCBuildConfiguration section */

/* Begin XCConfigurationList section */
		09FF9FD029F425B2006DDC8C /* Build configuration list for PBXProject "Ion" */ = {
			isa = XCConfigurationList;
			buildConfigurations = (
				09FF9FE229F425B4006DDC8C /* Debug */,
				09FF9FE329F425B4006DDC8C /* Release */,
			);
			defaultConfigurationIsVisible = 0;
			defaultConfigurationName = Release;
		};
		09FF9FE429F425B4006DDC8C /* Build configuration list for PBXNativeTarget "Ion" */ = {
			isa = XCConfigurationList;
			buildConfigurations = (
				09FF9FE529F425B4006DDC8C /* Debug */,
				09FF9FE629F425B4006DDC8C /* Release */,
			);
			defaultConfigurationIsVisible = 0;
			defaultConfigurationName = Release;
		};
/* End XCConfigurationList section */
	};
	rootObject = 09FF9FCD29F425B2006DDC8C /* Project object */;
}
